
Microsoft Visual Studio Solution File, Format Version 12.00
# Visual Studio Version 17
VisualStudioVersion = 17.0.32014.148
MinimumVisualStudioVersion = 10.0.40219.1
Project("{FAE04EC0-301F-11D3-BF4B-00C04F79EFBC}") = "TicTacToeV", "TicTacToeV.csproj", "{6F8F3A0D-034D-4EB9-B946-89C914634F9E}"
EndProject
Global
	GlobalSection(SolutionConfigurationPlatforms) = preSolution
		Debug|Any CPU = Debug|Any CPU
		Release|Any CPU = Release|Any CPU
	EndGlobalSection
	GlobalSection(ProjectConfigurationPlatforms) = postSolution
		{6F8F3A0D-034D-4EB9-B946-89C914634F9E}.Debug|Any CPU.ActiveCfg = Debug|Any CPU
		{6F8F3A0D-034D-4EB9-B946-89C914634F9E}.Debug|Any CPU.Build.0 = Debug|Any CPU
		{6F8F3A0D-034D-4EB9-B946-89C914634F9E}.Release|Any CPU.ActiveCfg = Release|Any CPU
		{6F8F3A0D-034D-4EB9-B946-89C914634F9E}.Release|Any CPU.Build.0 = Release|Any CPU
	EndGlobalSection
	GlobalSection(SolutionProperties) = preSolution
		HideSolutionNode = FALSE
	EndGlobalSection
	GlobalSection(ExtensibilityGlobals) = postSolution
		SolutionGuid = {8C083A6D-E07D-445C-8473-A2419E9DB9D6}
	EndGlobalSection
EndGlobal
